<?xml version="1.0" encoding="utf-8"?>
<Project ToolsVersion="4.0" xmlns="http://schemas.microsoft.com/developer/msbuild/2003">
  <ItemGroup>
    <Filter Include="GameObjects">
      <UniqueIdentifier>{041453fd-060b-4a20-8760-ef946ee89669}</UniqueIdentifier>
    </Filter>
    <Filter Include="Assets">
      <UniqueIdentifier>{67DA6AB6-F800-4c08-8B7A-83BB121AAD01}</UniqueIdentifier>
      <Extensions>rc;ico;cur;bmp;dlg;rc2;rct;bin;rgs;gif;jpg;jpeg;jpe;resx;tiff;tif;png;wav;mfcribbon-ms</Extensions>
    </Filter>
    <Filter Include="Utilities">
      <UniqueIdentifier>{49913e8a-e0ca-4995-b185-89aeca1767d4}</UniqueIdentifier>
    </Filter>
    <Filter Include="Sources">
      <UniqueIdentifier>{4FC737F1-C7A5-4376-A066-2A32D752A2FF}</UniqueIdentifier>
      <Extensions>cpp;c;cc;cxx;c++;cppm;ixx;def;odl;idl;hpj;bat;asm;asmx</Extensions>
    </Filter>
  </ItemGroup>
  <ItemGroup>
    <ClCompile Include="Sources\Game.cpp">
      <Filter>Sources</Filter>
    </ClCompile>
    <ClCompile Include="Sources\main.cpp">
      <Filter>Sources</Filter>
    </ClCompile>
    <ClCompile Include="Sources\TextManager.cpp">
      <Filter>Sources</Filter>
    </ClCompile>
    <ClCompile Include="Sources\TextureManager.cpp">
      <Filter>Sources</Filter>
    </ClCompile>
    <ClCompile Include="Sources\GameObjects\Background.cpp">
      <Filter>Sources</Filter>
    </ClCompile>
    <ClCompile Include="Sources\GameObjects\Bullet.cpp">
      <Filter>GameObjects</Filter>
    </ClCompile>
    <ClCompile Include="Sources\GameObjects\Enemy.cpp">
      <Filter>GameObjects</Filter>
    </ClCompile>
    <ClCompile Include="Sources\GameObjects\Ground.cpp">
      <Filter>GameObjects</Filter>
    </ClCompile>
    <ClCompile Include="Sources\GameObjects\Player.cpp">
      <Filter>GameObjects</Filter>
    </ClCompile>
    <ClCompile Include="Sources\GameObjects\SDLGameObject.cpp">
      <Filter>GameObjects</Filter>
    </ClCompile>
    <ClCompile Include="Sources\Utilities\Timer.cpp">
      <Filter>Utilities</Filter>
    </ClCompile>
    <ClCompile Include="Sources\Utilities\Vector2D.cpp">
      <Filter>Utilities</Filter>
    </ClCompile>
    <ClCompile Include="Sources\Utilities\InputHandler.cpp">
      <Filter>Utilities</Filter>
    </ClCompile>
  </ItemGroup>
  <ItemGroup>
    <ClInclude Include="Sources\GameObjects\Background.h">
      <Filter>Sources</Filter>
    </ClInclude>
    <ClInclude Include="Sources\Game.h">
      <Filter>Sources</Filter>
    </ClInclude>
    <ClInclude Include="Sources\TextManager.h">
      <Filter>Sources</Filter>
    </ClInclude>
    <ClInclude Include="Sources\TextureManager.h">
      <Filter>Sources</Filter>
    </ClInclude>
    <ClInclude Include="Sources\GameObjects\Bullet.h">
      <Filter>GameObjects</Filter>
    </ClInclude>
    <ClInclude Include="Sources\GameObjects\Enemy.h">
      <Filter>GameObjects</Filter>
    </ClInclude>
    <ClInclude Include="Sources\GameObjects\Ground.h">
      <Filter>GameObjects</Filter>
    </ClInclude>
    <ClInclude Include="Sources\GameObjects\GameObject.h">
      <Filter>GameObjects</Filter>
    </ClInclude>
    <ClInclude Include="Sources\GameObjects\LoaderParams.h">
      <Filter>GameObjects</Filter>
    </ClInclude>
    <ClInclude Include="Sources\GameObjects\Player.h">
      <Filter>GameObjects</Filter>
    </ClInclude>
    <ClInclude Include="Sources\GameObjects\SDLGameObject.h">
      <Filter>GameObjects</Filter>
    </ClInclude>
    <ClInclude Include="Sources\Utilities\Vector2D.h">
      <Filter>Utilities</Filter>
    </ClInclude>
    <ClInclude Include="Sources\Utilities\Timer.h">
      <Filter>Utilities</Filter>
    </ClInclude>
    <ClInclude Include="Sources\Utilities\InputHandler.h">
      <Filter>Utilities</Filter>
    </ClInclude>
  </ItemGroup>
  <ItemGroup>
    <Image Include="..\..\..\Users\Gyeong\Downloads\bullet.png">
      <Filter>Assets</Filter>
    </Image>
    <Image Include="..\..\..\Users\Gyeong\Downloads\Radish-export.png">
      <Filter>Assets</Filter>
    </Image>
    <Image Include="..\..\..\Users\Gyeong\Downloads\Ninja_Frog-export.png">
      <Filter>Assets</Filter>
    </Image>
    <Image Include="..\..\..\Users\Gyeong\Downloads\wall.png">
      <Filter>Assets</Filter>
    </Image>
    <Image Include="..\..\..\Users\Gyeong\Downloads\ground1.png">
      <Filter>Assets</Filter>
    </Image>
    <Image Include="..\..\..\Users\Gyeong\Downloads\background.png">
      <Filter>Assets</Filter>
    </Image>
  </ItemGroup>
</Project>